
Microsoft Visual Studio Solution File, Format Version 12.00
# Visual Studio Version 17
VisualStudioVersion = 17.6.33829.357
MinimumVisualStudioVersion = 10.0.40219.1
Project("{FAE04EC0-301F-11D3-BF4B-00C04F79EFBC}") = "fib", "fib\fib.csproj", "{AF212347-D704-40E0-9FE2-06406C48EC05}"
EndProject
Global
	GlobalSection(SolutionConfigurationPlatforms) = preSolution
		Debug|Any CPU = Debug|Any CPU
		Release|Any CPU = Release|Any CPU
	EndGlobalSection
	GlobalSection(ProjectConfigurationPlatforms) = postSolution
		{AF212347-D704-40E0-9FE2-06406C48EC05}.Debug|Any CPU.ActiveCfg = Debug|Any CPU
		{AF212347-D704-40E0-9FE2-06406C48EC05}.Debug|Any CPU.Build.0 = Debug|Any CPU
		{AF212347-D704-40E0-9FE2-06406C48EC05}.Release|Any CPU.ActiveCfg = Release|Any CPU
		{AF212347-D704-40E0-9FE2-06406C48EC05}.Release|Any CPU.Build.0 = Release|Any CPU
	EndGlobalSection
	GlobalSection(SolutionProperties) = preSolution
		HideSolutionNode = FALSE
	EndGlobalSection
	GlobalSection(ExtensibilityGlobals) = postSolution
		SolutionGuid = {810B24F7-F3AF-4EEC-9826-72CE4450EC7E}
	EndGlobalSection
EndGlobal
